
Microsoft Visual Studio Solution File, Format Version 12.00
# Visual Studio 15
VisualStudioVersion = 15.0.27130.2010
MinimumVisualStudioVersion = 10.0.40219.1
Project("{FAE04EC0-301F-11D3-BF4B-00C04F79EFBC}") = "DigitDisplay", "DigitDisplay\DigitDisplay.csproj", "{8E1C0000-6DD5-42E0-8DAD-D75AF1FC249F}"
EndProject
Project("{FAE04EC0-301F-11D3-BF4B-00C04F79EFBC}") = "DigitLoader", "DigitLoader\DigitLoader.csproj", "{DFD9DD4E-CB76-4BE3-AE29-B64842CAB023}"
EndProject
Project("{FAE04EC0-301F-11D3-BF4B-00C04F79EFBC}") = "DigitLoader.Test", "DigitLoader.Test\DigitLoader.Test.csproj", "{E094A0D0-AFAC-4136-9136-5A22D913B562}"
EndProject
Project("{F2A71F9B-5D33-465A-A702-920D77279786}") = "FunctionalRecognizer", "FunctionalRecognizer\FunctionalRecognizer.fsproj", "{FF2CD045-8B57-422C-954A-AB2CBBE6C065}"
EndProject
Project("{FAE04EC0-301F-11D3-BF4B-00C04F79EFBC}") = "Recognizer", "Recognizer\Recognizer.csproj", "{F15E6F19-7B0D-48A5-B505-7C9658D208CC}"
EndProject
Project("{9A19103F-16F7-4668-BE54-9A1E7A4F7556}") = "digit-console", "digit-console\digit-console.csproj", "{E586D596-9B39-4CD3-9E50-D8EA949A8674}"
EndProject
Project("{6EC3EE1D-3C4E-46DD-8F32-0CC8E7565705}") = "recognizers", "recognizers\recognizers.fsproj", "{B378C036-3FB5-4147-9F45-D9648DA8C155}"
EndProject
Global
	GlobalSection(SolutionConfigurationPlatforms) = preSolution
		Debug|Any CPU = Debug|Any CPU
		Release|Any CPU = Release|Any CPU
	EndGlobalSection
	GlobalSection(ProjectConfigurationPlatforms) = postSolution
		{8E1C0000-6DD5-42E0-8DAD-D75AF1FC249F}.Debug|Any CPU.ActiveCfg = Debug|Any CPU
		{8E1C0000-6DD5-42E0-8DAD-D75AF1FC249F}.Debug|Any CPU.Build.0 = Debug|Any CPU
		{8E1C0000-6DD5-42E0-8DAD-D75AF1FC249F}.Release|Any CPU.ActiveCfg = Release|Any CPU
		{8E1C0000-6DD5-42E0-8DAD-D75AF1FC249F}.Release|Any CPU.Build.0 = Release|Any CPU
		{DFD9DD4E-CB76-4BE3-AE29-B64842CAB023}.Debug|Any CPU.ActiveCfg = Debug|Any CPU
		{DFD9DD4E-CB76-4BE3-AE29-B64842CAB023}.Debug|Any CPU.Build.0 = Debug|Any CPU
		{DFD9DD4E-CB76-4BE3-AE29-B64842CAB023}.Release|Any CPU.ActiveCfg = Release|Any CPU
		{DFD9DD4E-CB76-4BE3-AE29-B64842CAB023}.Release|Any CPU.Build.0 = Release|Any CPU
		{E094A0D0-AFAC-4136-9136-5A22D913B562}.Debug|Any CPU.ActiveCfg = Debug|Any CPU
		{E094A0D0-AFAC-4136-9136-5A22D913B562}.Debug|Any CPU.Build.0 = Debug|Any CPU
		{E094A0D0-AFAC-4136-9136-5A22D913B562}.Release|Any CPU.ActiveCfg = Release|Any CPU
		{E094A0D0-AFAC-4136-9136-5A22D913B562}.Release|Any CPU.Build.0 = Release|Any CPU
		{FF2CD045-8B57-422C-954A-AB2CBBE6C065}.Debug|Any CPU.ActiveCfg = Debug|Any CPU
		{FF2CD045-8B57-422C-954A-AB2CBBE6C065}.Debug|Any CPU.Build.0 = Debug|Any CPU
		{FF2CD045-8B57-422C-954A-AB2CBBE6C065}.Release|Any CPU.ActiveCfg = Release|Any CPU
		{FF2CD045-8B57-422C-954A-AB2CBBE6C065}.Release|Any CPU.Build.0 = Release|Any CPU
		{F15E6F19-7B0D-48A5-B505-7C9658D208CC}.Debug|Any CPU.ActiveCfg = Debug|Any CPU
		{F15E6F19-7B0D-48A5-B505-7C9658D208CC}.Debug|Any CPU.Build.0 = Debug|Any CPU
		{F15E6F19-7B0D-48A5-B505-7C9658D208CC}.Release|Any CPU.ActiveCfg = Release|Any CPU
		{F15E6F19-7B0D-48A5-B505-7C9658D208CC}.Release|Any CPU.Build.0 = Release|Any CPU
		{E586D596-9B39-4CD3-9E50-D8EA949A8674}.Debug|Any CPU.ActiveCfg = Debug|Any CPU
		{E586D596-9B39-4CD3-9E50-D8EA949A8674}.Debug|Any CPU.Build.0 = Debug|Any CPU
		{E586D596-9B39-4CD3-9E50-D8EA949A8674}.Release|Any CPU.ActiveCfg = Release|Any CPU
		{E586D596-9B39-4CD3-9E50-D8EA949A8674}.Release|Any CPU.Build.0 = Release|Any CPU
		{B378C036-3FB5-4147-9F45-D9648DA8C155}.Debug|Any CPU.ActiveCfg = Debug|Any CPU
		{B378C036-3FB5-4147-9F45-D9648DA8C155}.Debug|Any CPU.Build.0 = Debug|Any CPU
		{B378C036-3FB5-4147-9F45-D9648DA8C155}.Release|Any CPU.ActiveCfg = Release|Any CPU
		{B378C036-3FB5-4147-9F45-D9648DA8C155}.Release|Any CPU.Build.0 = Release|Any CPU
	EndGlobalSection
	GlobalSection(SolutionProperties) = preSolution
		HideSolutionNode = FALSE
	EndGlobalSection
	GlobalSection(ExtensibilityGlobals) = postSolution
		SolutionGuid = {FF539E09-68FA-4B35-AF8D-D68CA46B8FF0}
	EndGlobalSection
EndGlobal
