
Microsoft Visual Studio Solution File, Format Version 12.00
# Visual Studio 14
VisualStudioVersion = 14.0.24720.0
MinimumVisualStudioVersion = 10.0.40219.1
Project("{FAE04EC0-301F-11D3-BF4B-00C04F79EFBC}") = "DigitDisplay", "DigitDisplay\DigitDisplay.csproj", "{8E1C0000-6DD5-42E0-8DAD-D75AF1FC249F}"
EndProject
Project("{FAE04EC0-301F-11D3-BF4B-00C04F79EFBC}") = "DigitLoader", "DigitLoader\DigitLoader.csproj", "{DFD9DD4E-CB76-4BE3-AE29-B64842CAB023}"
EndProject
Project("{FAE04EC0-301F-11D3-BF4B-00C04F79EFBC}") = "DigitLoader.Test", "DigitLoader.Test\DigitLoader.Test.csproj", "{E094A0D0-AFAC-4136-9136-5A22D913B562}"
EndProject
Global
	GlobalSection(SolutionConfigurationPlatforms) = preSolution
		Debug|Any CPU = Debug|Any CPU
		Release|Any CPU = Release|Any CPU
	EndGlobalSection
	GlobalSection(ProjectConfigurationPlatforms) = postSolution
		{8E1C0000-6DD5-42E0-8DAD-D75AF1FC249F}.Debug|Any CPU.ActiveCfg = Debug|Any CPU
		{8E1C0000-6DD5-42E0-8DAD-D75AF1FC249F}.Debug|Any CPU.Build.0 = Debug|Any CPU
		{8E1C0000-6DD5-42E0-8DAD-D75AF1FC249F}.Release|Any CPU.ActiveCfg = Release|Any CPU
		{8E1C0000-6DD5-42E0-8DAD-D75AF1FC249F}.Release|Any CPU.Build.0 = Release|Any CPU
		{DFD9DD4E-CB76-4BE3-AE29-B64842CAB023}.Debug|Any CPU.ActiveCfg = Debug|Any CPU
		{DFD9DD4E-CB76-4BE3-AE29-B64842CAB023}.Debug|Any CPU.Build.0 = Debug|Any CPU
		{DFD9DD4E-CB76-4BE3-AE29-B64842CAB023}.Release|Any CPU.ActiveCfg = Release|Any CPU
		{DFD9DD4E-CB76-4BE3-AE29-B64842CAB023}.Release|Any CPU.Build.0 = Release|Any CPU
		{E094A0D0-AFAC-4136-9136-5A22D913B562}.Debug|Any CPU.ActiveCfg = Debug|Any CPU
		{E094A0D0-AFAC-4136-9136-5A22D913B562}.Debug|Any CPU.Build.0 = Debug|Any CPU
		{E094A0D0-AFAC-4136-9136-5A22D913B562}.Release|Any CPU.ActiveCfg = Release|Any CPU
		{E094A0D0-AFAC-4136-9136-5A22D913B562}.Release|Any CPU.Build.0 = Release|Any CPU
	EndGlobalSection
	GlobalSection(SolutionProperties) = preSolution
		HideSolutionNode = FALSE
	EndGlobalSection
EndGlobal
